
Microsoft Visual Studio Solution File, Format Version 12.00
# Visual Studio Version 17
VisualStudioVersion = 17.0.32112.339
MinimumVisualStudioVersion = 10.0.40219.1
Project("{FAE04EC0-301F-11D3-BF4B-00C04F79EFBC}") = "DisplayImages", "DisplayImages\DisplayImages.csproj", "{1C0BD79A-0E2E-49F3-A7AB-BC50126A2E34}"
EndProject
Global
	GlobalSection(SolutionConfigurationPlatforms) = preSolution
		Debug|Any CPU = Debug|Any CPU
		Release|Any CPU = Release|Any CPU
	EndGlobalSection
	GlobalSection(ProjectConfigurationPlatforms) = postSolution
		{1C0BD79A-0E2E-49F3-A7AB-BC50126A2E34}.Debug|Any CPU.ActiveCfg = Debug|Any CPU
		{1C0BD79A-0E2E-49F3-A7AB-BC50126A2E34}.Debug|Any CPU.Build.0 = Debug|Any CPU
		{1C0BD79A-0E2E-49F3-A7AB-BC50126A2E34}.Release|Any CPU.ActiveCfg = Release|Any CPU
		{1C0BD79A-0E2E-49F3-A7AB-BC50126A2E34}.Release|Any CPU.Build.0 = Release|Any CPU
	EndGlobalSection
	GlobalSection(SolutionProperties) = preSolution
		HideSolutionNode = FALSE
	EndGlobalSection
	GlobalSection(ExtensibilityGlobals) = postSolution
		SolutionGuid = {1B5070D4-F9EF-4C48-9B06-5115ABADA6E6}
	EndGlobalSection
EndGlobal
